
Microsoft Visual Studio Solution File, Format Version 12.00
# Visual Studio Version 16
VisualStudioVersion = 16.0.31025.194
MinimumVisualStudioVersion = 10.0.40219.1
Project("{FAE04EC0-301F-11D3-BF4B-00C04F79EFBC}") = "PPPK-WindowsForms", "PPPK-WindowsForms\PPPK-WindowsForms.csproj", "{2E022374-2A96-4608-8CFF-FD4416E21A8C}"
EndProject
Global
	GlobalSection(SolutionConfigurationPlatforms) = preSolution
		Debug|Any CPU = Debug|Any CPU
		Release|Any CPU = Release|Any CPU
	EndGlobalSection
	GlobalSection(ProjectConfigurationPlatforms) = postSolution
		{2E022374-2A96-4608-8CFF-FD4416E21A8C}.Debug|Any CPU.ActiveCfg = Debug|Any CPU
		{2E022374-2A96-4608-8CFF-FD4416E21A8C}.Debug|Any CPU.Build.0 = Debug|Any CPU
		{2E022374-2A96-4608-8CFF-FD4416E21A8C}.Release|Any CPU.ActiveCfg = Release|Any CPU
		{2E022374-2A96-4608-8CFF-FD4416E21A8C}.Release|Any CPU.Build.0 = Release|Any CPU
	EndGlobalSection
	GlobalSection(SolutionProperties) = preSolution
		HideSolutionNode = FALSE
	EndGlobalSection
	GlobalSection(ExtensibilityGlobals) = postSolution
		SolutionGuid = {54A13E74-D383-4A53-A0BD-EB537D56D3FA}
	EndGlobalSection
EndGlobal
